// !$*UTF8*$!
{
	archiveVersion = 1;
	classes = {
	};
	objectVersion = 55;
	objects = {

/* Begin PBXBuildFile section */
		100FF7E92A2908D9002E847E /* GoogleService-Info.plist in Resources */ = {isa = PBXBuildFile; fileRef = 100FF7E82A2908D9002E847E /* GoogleService-Info.plist */; };
		10BC7EFA2A27820200C9883F /* AppDelegate.swift in Sources */ = {isa = PBXBuildFile; fileRef = 10BC7EF92A27820200C9883F /* AppDelegate.swift */; };
		10BC7EFC2A27820200C9883F /* SceneDelegate.swift in Sources */ = {isa = PBXBuildFile; fileRef = 10BC7EFB2A27820200C9883F /* SceneDelegate.swift */; };
		10BC7EFE2A27820200C9883F /* IniciarSesionViewController.swift in Sources */ = {isa = PBXBuildFile; fileRef = 10BC7EFD2A27820200C9883F /* IniciarSesionViewController.swift */; };
		10BC7F012A27820200C9883F /* Main.storyboard in Resources */ = {isa = PBXBuildFile; fileRef = 10BC7EFF2A27820200C9883F /* Main.storyboard */; };
		10BC7F032A27820300C9883F /* Assets.xcassets in Resources */ = {isa = PBXBuildFile; fileRef = 10BC7F022A27820300C9883F /* Assets.xcassets */; };
		10BC7F062A27820300C9883F /* LaunchScreen.storyboard in Resources */ = {isa = PBXBuildFile; fileRef = 10BC7F042A27820300C9883F /* LaunchScreen.storyboard */; };
		AB57A167A613890720F11A31 /* Pods_LihuisiSnapChat.framework in Frameworks */ = {isa = PBXBuildFile; fileRef = 32667DBFFA1B6ED099FD7277 /* Pods_LihuisiSnapChat.framework */; };
/* End PBXBuildFile section */

/* Begin PBXFileReference section */
		100FF7E82A2908D9002E847E /* GoogleService-Info.plist */ = {isa = PBXFileReference; fileEncoding = 4; lastKnownFileType = text.plist.xml; name = "GoogleService-Info.plist"; path = "../../../../../Downloads/GoogleService-Info.plist"; sourceTree = "<group>"; };
		10BC7EF62A27820200C9883F /* LihuisiSnapChat.app */ = {isa = PBXFileReference; explicitFileType = wrapper.application; includeInIndex = 0; path = LihuisiSnapChat.app; sourceTree = BUILT_PRODUCTS_DIR; };
		10BC7EF92A27820200C9883F /* AppDelegate.swift */ = {isa = PBXFileReference; lastKnownFileType = sourcecode.swift; path = AppDelegate.swift; sourceTree = "<group>"; };
		10BC7EFB2A27820200C9883F /* SceneDelegate.swift */ = {isa = PBXFileReference; lastKnownFileType = sourcecode.swift; path = SceneDelegate.swift; sourceTree = "<group>"; };
		10BC7EFD2A27820200C9883F /* IniciarSesionViewController.swift */ = {isa = PBXFileReference; lastKnownFileType = sourcecode.swift; path = IniciarSesionViewController.swift; sourceTree = "<group>"; };
		10BC7F002A27820200C9883F /* Base */ = {isa = PBXFileReference; lastKnownFileType = file.storyboard; name = Base; path = Base.lproj/Main.storyboard; sourceTree = "<group>"; };
		10BC7F022A27820300C9883F /* Assets.xcassets */ = {isa = PBXFileReference; lastKnownFileType = folder.assetcatalog; path = Assets.xcassets; sourceTree = "<group>"; };
		10BC7F052A27820300C9883F /* Base */ = {isa = PBXFileReference; lastKnownFileType = file.storyboard; name = Base; path = Base.lproj/LaunchScreen.storyboard; sourceTree = "<group>"; };
		10BC7F072A27820300C9883F /* Info.plist */ = {isa = PBXFileReference; lastKnownFileType = text.plist.xml; path = Info.plist; sourceTree = "<group>"; };
		32667DBFFA1B6ED099FD7277 /* Pods_LihuisiSnapChat.framework */ = {isa = PBXFileReference; explicitFileType = wrapper.framework; includeInIndex = 0; path = Pods_LihuisiSnapChat.framework; sourceTree = BUILT_PRODUCTS_DIR; };
		5E6831310F7030076F3BC373 /* Pods-LihuisiSnapChat.release.xcconfig */ = {isa = PBXFileReference; includeInIndex = 1; lastKnownFileType = text.xcconfig; name = "Pods-LihuisiSnapChat.release.xcconfig"; path = "Target Support Files/Pods-LihuisiSnapChat/Pods-LihuisiSnapChat.release.xcconfig"; sourceTree = "<group>"; };
		AA95336BA4707F285381CAE9 /* Pods-LihuisiSnapChat.debug.xcconfig */ = {isa = PBXFileReference; includeInIndex = 1; lastKnownFileType = text.xcconfig; name = "Pods-LihuisiSnapChat.debug.xcconfig"; path = "Target Support Files/Pods-LihuisiSnapChat/Pods-LihuisiSnapChat.debug.xcconfig"; sourceTree = "<group>"; };
/* End PBXFileReference section */

/* Begin PBXFrameworksBuildPhase section */
		10BC7EF32A27820200C9883F /* Frameworks */ = {
			isa = PBXFrameworksBuildPhase;
			buildActionMask = 2147483647;
			files = (
				AB57A167A613890720F11A31 /* Pods_LihuisiSnapChat.framework in Frameworks */,
			);
			runOnlyForDeploymentPostprocessing = 0;
		};
/* End PBXFrameworksBuildPhase section */

/* Begin PBXGroup section */
		10BC7EED2A27820100C9883F = {
			isa = PBXGroup;
			children = (
				10BC7EF82A27820200C9883F /* LihuisiSnapChat */,
				10BC7EF72A27820200C9883F /* Products */,
				11C9C72582E71F1E915B659D /* Pods */,
				FEB0186DBB55EFB642DF8D54 /* Frameworks */,
			);
			sourceTree = "<group>";
		};
		10BC7EF72A27820200C9883F /* Products */ = {
			isa = PBXGroup;
			children = (
				10BC7EF62A27820200C9883F /* LihuisiSnapChat.app */,
			);
			name = Products;
			sourceTree = "<group>";
		};
		10BC7EF82A27820200C9883F /* LihuisiSnapChat */ = {
			isa = PBXGroup;
			children = (
				100FF7E82A2908D9002E847E /* GoogleService-Info.plist */,
				10BC7EF92A27820200C9883F /* AppDelegate.swift */,
				10BC7EFB2A27820200C9883F /* SceneDelegate.swift */,
				10BC7EFD2A27820200C9883F /* IniciarSesionViewController.swift */,
				10BC7EFF2A27820200C9883F /* Main.storyboard */,
				10BC7F022A27820300C9883F /* Assets.xcassets */,
				10BC7F042A27820300C9883F /* LaunchScreen.storyboard */,
				10BC7F072A27820300C9883F /* Info.plist */,
			);
			path = LihuisiSnapChat;
			sourceTree = "<group>";
		};
		11C9C72582E71F1E915B659D /* Pods */ = {
			isa = PBXGroup;
			children = (
				AA95336BA4707F285381CAE9 /* Pods-LihuisiSnapChat.debug.xcconfig */,
				5E6831310F7030076F3BC373 /* Pods-LihuisiSnapChat.release.xcconfig */,
			);
			path = Pods;
			sourceTree = "<group>";
		};
		FEB0186DBB55EFB642DF8D54 /* Frameworks */ = {
			isa = PBXGroup;
			children = (
				32667DBFFA1B6ED099FD7277 /* Pods_LihuisiSnapChat.framework */,
			);
			name = Frameworks;
			sourceTree = "<group>";
		};
/* End PBXGroup section */

/* Begin PBXNativeTarget section */
		10BC7EF52A27820200C9883F /* LihuisiSnapChat */ = {
			isa = PBXNativeTarget;
			buildConfigurationList = 10BC7F0A2A27820300C9883F /* Build configuration list for PBXNativeTarget "LihuisiSnapChat" */;
			buildPhases = (
				7AF2FCDC635DDC97F5EEA47E /* [CP] Check Pods Manifest.lock */,
				10BC7EF22A27820200C9883F /* Sources */,
				10BC7EF32A27820200C9883F /* Frameworks */,
				10BC7EF42A27820200C9883F /* Resources */,
				ACA28CD0D2242F920A463E02 /* [CP] Embed Pods Frameworks */,
				992A4F856819C425D3EC787F /* [CP] Copy Pods Resources */,
			);
			buildRules = (
			);
			dependencies = (
			);
			name = LihuisiSnapChat;
			productName = LihuisiSnapChat;
			productReference = 10BC7EF62A27820200C9883F /* LihuisiSnapChat.app */;
			productType = "com.apple.product-type.application";
		};
/* End PBXNativeTarget section */

/* Begin PBXProject section */
		10BC7EEE2A27820100C9883F /* Project object */ = {
			isa = PBXProject;
			attributes = {
				BuildIndependentTargetsInParallel = 1;
				LastSwiftUpdateCheck = 1340;
				LastUpgradeCheck = 1340;
				TargetAttributes = {
					10BC7EF52A27820200C9883F = {
						CreatedOnToolsVersion = 13.4.1;
					};
				};
			};
			buildConfigurationList = 10BC7EF12A27820100C9883F /* Build configuration list for PBXProject "LihuisiSnapChat" */;
			compatibilityVersion = "Xcode 13.0";
			developmentRegion = en;
			hasScannedForEncodings = 0;
			knownRegions = (
				en,
				Base,
			);
			mainGroup = 10BC7EED2A27820100C9883F;
			productRefGroup = 10BC7EF72A27820200C9883F /* Products */;
			projectDirPath = "";
			projectRoot = "";
			targets = (
				10BC7EF52A27820200C9883F /* LihuisiSnapChat */,
			);
		};
/* End PBXProject section */

/* Begin PBXResourcesBuildPhase section */
		10BC7EF42A27820200C9883F /* Resources */ = {
			isa = PBXResourcesBuildPhase;
			buildActionMask = 2147483647;
			files = (
				10BC7F062A27820300C9883F /* LaunchScreen.storyboard in Resources */,
				100FF7E92A2908D9002E847E /* GoogleService-Info.plist in Resources */,
				10BC7F032A27820300C9883F /* Assets.xcassets in Resources */,
				10BC7F012A27820200C9883F /* Main.storyboard in Resources */,
			);
			runOnlyForDeploymentPostprocessing = 0;
		};
/* End PBXResourcesBuildPhase section */

/* Begin PBXShellScriptBuildPhase section */
		7AF2FCDC635DDC97F5EEA47E /* [CP] Check Pods Manifest.lock */ = {
			isa = PBXShellScriptBuildPhase;
			buildActionMask = 2147483647;
			files = (
			);
			inputFileListPaths = (
			);
			inputPaths = (
				"${PODS_PODFILE_DIR_PATH}/Podfile.lock",
				"${PODS_ROOT}/Manifest.lock",
			);
			name = "[CP] Check Pods Manifest.lock";
			outputFileListPaths = (
			);
			outputPaths = (
				"$(DERIVED_FILE_DIR)/Pods-LihuisiSnapChat-checkManifestLockResult.txt",
			);
			runOnlyForDeploymentPostprocessing = 0;
			shellPath = /bin/sh;
			shellScript = "diff \"${PODS_PODFILE_DIR_PATH}/Podfile.lock\" \"${PODS_ROOT}/Manifest.lock\" > /dev/null\nif [ $? != 0 ] ; then\n    # print error to STDERR\n    echo \"error: The sandbox is not in sync with the Podfile.lock. Run 'pod install' or update your CocoaPods installation.\" >&2\n    exit 1\nfi\n# This output is used by Xcode 'outputs' to avoid re-running this script phase.\necho \"SUCCESS\" > \"${SCRIPT_OUTPUT_FILE_0}\"\n";
			showEnvVarsInLog = 0;
		};
		992A4F856819C425D3EC787F /* [CP] Copy Pods Resources */ = {
			isa = PBXShellScriptBuildPhase;
			buildActionMask = 2147483647;
			files = (
			);
			inputFileListPaths = (
				"${PODS_ROOT}/Target Support Files/Pods-LihuisiSnapChat/Pods-LihuisiSnapChat-resources-${CONFIGURATION}-input-files.xcfilelist",
			);
			name = "[CP] Copy Pods Resources";
			outputFileListPaths = (
				"${PODS_ROOT}/Target Support Files/Pods-LihuisiSnapChat/Pods-LihuisiSnapChat-resources-${CONFIGURATION}-output-files.xcfilelist",
			);
			runOnlyForDeploymentPostprocessing = 0;
			shellPath = /bin/sh;
			shellScript = "\"${PODS_ROOT}/Target Support Files/Pods-LihuisiSnapChat/Pods-LihuisiSnapChat-resources.sh\"\n";
			showEnvVarsInLog = 0;
		};
		ACA28CD0D2242F920A463E02 /* [CP] Embed Pods Frameworks */ = {
			isa = PBXShellScriptBuildPhase;
			buildActionMask = 2147483647;
			files = (
			);
			inputFileListPaths = (
				"${PODS_ROOT}/Target Support Files/Pods-LihuisiSnapChat/Pods-LihuisiSnapChat-frameworks-${CONFIGURATION}-input-files.xcfilelist",
			);
			name = "[CP] Embed Pods Frameworks";
			outputFileListPaths = (
				"${PODS_ROOT}/Target Support Files/Pods-LihuisiSnapChat/Pods-LihuisiSnapChat-frameworks-${CONFIGURATION}-output-files.xcfilelist",
			);
			runOnlyForDeploymentPostprocessing = 0;
			shellPath = /bin/sh;
			shellScript = "\"${PODS_ROOT}/Target Support Files/Pods-LihuisiSnapChat/Pods-LihuisiSnapChat-frameworks.sh\"\n";
			showEnvVarsInLog = 0;
		};
/* End PBXShellScriptBuildPhase section */

/* Begin PBXSourcesBuildPhase section */
		10BC7EF22A27820200C9883F /* Sources */ = {
			isa = PBXSourcesBuildPhase;
			buildActionMask = 2147483647;
			files = (
				10BC7EFE2A27820200C9883F /* IniciarSesionViewController.swift in Sources */,
				10BC7EFA2A27820200C9883F /* AppDelegate.swift in Sources */,
				10BC7EFC2A27820200C9883F /* SceneDelegate.swift in Sources */,
			);
			runOnlyForDeploymentPostprocessing = 0;
		};
/* End PBXSourcesBuildPhase section */

/* Begin PBXVariantGroup section */
		10BC7EFF2A27820200C9883F /* Main.storyboard */ = {
			isa = PBXVariantGroup;
			children = (
				10BC7F002A27820200C9883F /* Base */,
			);
			name = Main.storyboard;
			sourceTree = "<group>";
		};
		10BC7F042A27820300C9883F /* LaunchScreen.storyboard */ = {
			isa = PBXVariantGroup;
			children = (
				10BC7F052A27820300C9883F /* Base */,
			);
			name = LaunchScreen.storyboard;
			sourceTree = "<group>";
		};
/* End PBXVariantGroup section */

/* Begin XCBuildConfiguration section */
		10BC7F082A27820300C9883F /* Debug */ = {
			isa = XCBuildConfiguration;
			buildSettings = {
				ALWAYS_SEARCH_USER_PATHS = NO;
				CLANG_ANALYZER_NONNULL = YES;
				CLANG_ANALYZER_NUMBER_OBJECT_CONVERSION = YES_AGGRESSIVE;
				CLANG_CXX_LANGUAGE_STANDARD = "gnu++17";
				CLANG_ENABLE_MODULES = YES;
				CLANG_ENABLE_OBJC_ARC = YES;
				CLANG_ENABLE_OBJC_WEAK = YES;
				CLANG_WARN_BLOCK_CAPTURE_AUTORELEASING = YES;
				CLANG_WARN_BOOL_CONVERSION = YES;
				CLANG_WARN_COMMA = YES;
				CLANG_WARN_CONSTANT_CONVERSION = YES;
				CLANG_WARN_DEPRECATED_OBJC_IMPLEMENTATIONS = YES;
				CLANG_WARN_DIRECT_OBJC_ISA_USAGE = YES_ERROR;
				CLANG_WARN_DOCUMENTATION_COMMENTS = YES;
				CLANG_WARN_EMPTY_BODY = YES;
				CLANG_WARN_ENUM_CONVERSION = YES;
				CLANG_WARN_INFINITE_RECURSION = YES;
				CLANG_WARN_INT_CONVERSION = YES;
				CLANG_WARN_NON_LITERAL_NULL_CONVERSION = YES;
				CLANG_WARN_OBJC_IMPLICIT_RETAIN_SELF = YES;
				CLANG_WARN_OBJC_LITERAL_CONVERSION = YES;
				CLANG_WARN_OBJC_ROOT_CLASS = YES_ERROR;
				CLANG_WARN_QUOTED_INCLUDE_IN_FRAMEWORK_HEADER = YES;
				CLANG_WARN_RANGE_LOOP_ANALYSIS = YES;
				CLANG_WARN_STRICT_PROTOTYPES = YES;
				CLANG_WARN_SUSPICIOUS_MOVE = YES;
				CLANG_WARN_UNGUARDED_AVAILABILITY = YES_AGGRESSIVE;
				CLANG_WARN_UNREACHABLE_CODE = YES;
				CLANG_WARN__DUPLICATE_METHOD_MATCH = YES;
				COPY_PHASE_STRIP = NO;
				DEBUG_INFORMATION_FORMAT = dwarf;
				ENABLE_STRICT_OBJC_MSGSEND = YES;
				ENABLE_TESTABILITY = YES;
				GCC_C_LANGUAGE_STANDARD = gnu11;
				GCC_DYNAMIC_NO_PIC = NO;
				GCC_NO_COMMON_BLOCKS = YES;
				GCC_OPTIMIZATION_LEVEL = 0;
				GCC_PREPROCESSOR_DEFINITIONS = (
					"DEBUG=1",
					"$(inherited)",
				);
				GCC_WARN_64_TO_32_BIT_CONVERSION = YES;
				GCC_WARN_ABOUT_RETURN_TYPE = YES_ERROR;
				GCC_WARN_UNDECLARED_SELECTOR = YES;
				GCC_WARN_UNINITIALIZED_AUTOS = YES_AGGRESSIVE;
				GCC_WARN_UNUSED_FUNCTION = YES;
				GCC_WARN_UNUSED_VARIABLE = YES;
				IPHONEOS_DEPLOYMENT_TARGET = 15.5;
				MTL_ENABLE_DEBUG_INFO = INCLUDE_SOURCE;
				MTL_FAST_MATH = YES;
				ONLY_ACTIVE_ARCH = YES;
				SDKROOT = iphoneos;
				SWIFT_ACTIVE_COMPILATION_CONDITIONS = DEBUG;
				SWIFT_OPTIMIZATION_LEVEL = "-Onone";
			};
			name = Debug;
		};
		10BC7F092A27820300C9883F /* Release */ = {
			isa = XCBuildConfiguration;
			buildSettings = {
				ALWAYS_SEARCH_USER_PATHS = NO;
				CLANG_ANALYZER_NONNULL = YES;
				CLANG_ANALYZER_NUMBER_OBJECT_CONVERSION = YES_AGGRESSIVE;
				CLANG_CXX_LANGUAGE_STANDARD = "gnu++17";
				CLANG_ENABLE_MODULES = YES;
				CLANG_ENABLE_OBJC_ARC = YES;
				CLANG_ENABLE_OBJC_WEAK = YES;
				CLANG_WARN_BLOCK_CAPTURE_AUTORELEASING = YES;
				CLANG_WARN_BOOL_CONVERSION = YES;
				CLANG_WARN_COMMA = YES;
				CLANG_WARN_CONSTANT_CONVERSION = YES;
				CLANG_WARN_DEPRECATED_OBJC_IMPLEMENTATIONS = YES;
				CLANG_WARN_DIRECT_OBJC_ISA_USAGE = YES_ERROR;
				CLANG_WARN_DOCUMENTATION_COMMENTS = YES;
				CLANG_WARN_EMPTY_BODY = YES;
				CLANG_WARN_ENUM_CONVERSION = YES;
				CLANG_WARN_INFINITE_RECURSION = YES;
				CLANG_WARN_INT_CONVERSION = YES;
				CLANG_WARN_NON_LITERAL_NULL_CONVERSION = YES;
				CLANG_WARN_OBJC_IMPLICIT_RETAIN_SELF = YES;
				CLANG_WARN_OBJC_LITERAL_CONVERSION = YES;
				CLANG_WARN_OBJC_ROOT_CLASS = YES_ERROR;
				CLANG_WARN_QUOTED_INCLUDE_IN_FRAMEWORK_HEADER = YES;
				CLANG_WARN_RANGE_LOOP_ANALYSIS = YES;
				CLANG_WARN_STRICT_PROTOTYPES = YES;
				CLANG_WARN_SUSPICIOUS_MOVE = YES;
				CLANG_WARN_UNGUARDED_AVAILABILITY = YES_AGGRESSIVE;
				CLANG_WARN_UNREACHABLE_CODE = YES;
				CLANG_WARN__DUPLICATE_METHOD_MATCH = YES;
				COPY_PHASE_STRIP = NO;
				DEBUG_INFORMATION_FORMAT = "dwarf-with-dsym";
				ENABLE_NS_ASSERTIONS = NO;
				ENABLE_STRICT_OBJC_MSGSEND = YES;
				GCC_C_LANGUAGE_STANDARD = gnu11;
				GCC_NO_COMMON_BLOCKS = YES;
				GCC_WARN_64_TO_32_BIT_CONVERSION = YES;
				GCC_WARN_ABOUT_RETURN_TYPE = YES_ERROR;
				GCC_WARN_UNDECLARED_SELECTOR = YES;
				GCC_WARN_UNINITIALIZED_AUTOS = YES_AGGRESSIVE;
				GCC_WARN_UNUSED_FUNCTION = YES;
				GCC_WARN_UNUSED_VARIABLE = YES;
				IPHONEOS_DEPLOYMENT_TARGET = 15.5;
				MTL_ENABLE_DEBUG_INFO = NO;
				MTL_FAST_MATH = YES;
				SDKROOT = iphoneos;
				SWIFT_COMPILATION_MODE = wholemodule;
				SWIFT_OPTIMIZATION_LEVEL = "-O";
				VALIDATE_PRODUCT = YES;
			};
			name = Release;
		};
		10BC7F0B2A27820300C9883F /* Debug */ = {
			isa = XCBuildConfiguration;
			baseConfigurationReference = AA95336BA4707F285381CAE9 /* Pods-LihuisiSnapChat.debug.xcconfig */;
			buildSettings = {
				ASSETCATALOG_COMPILER_APPICON_NAME = AppIcon;
				ASSETCATALOG_COMPILER_GLOBAL_ACCENT_COLOR_NAME = AccentColor;
				CODE_SIGN_STYLE = Automatic;
				CURRENT_PROJECT_VERSION = 1;
				GENERATE_INFOPLIST_FILE = YES;
				INFOPLIST_FILE = LihuisiSnapChat/Info.plist;
				INFOPLIST_KEY_UIApplicationSupportsIndirectInputEvents = YES;
				INFOPLIST_KEY_UILaunchStoryboardName = LaunchScreen;
				INFOPLIST_KEY_UIMainStoryboardFile = Main;
				INFOPLIST_KEY_UISupportedInterfaceOrientations_iPad = "UIInterfaceOrientationPortrait UIInterfaceOrientationPortraitUpsideDown UIInterfaceOrientationLandscapeLeft UIInterfaceOrientationLandscapeRight";
				INFOPLIST_KEY_UISupportedInterfaceOrientations_iPhone = "UIInterfaceOrientationPortrait UIInterfaceOrientationLandscapeLeft UIInterfaceOrientationLandscapeRight";
				LD_RUNPATH_SEARCH_PATHS = (
					"$(inherited)",
					"@executable_path/Frameworks",
				);
				MARKETING_VERSION = 1.0;
				PRODUCT_BUNDLE_IDENTIFIER = com.kiwivon.LihuisiSnapChat;
				PRODUCT_NAME = "$(TARGET_NAME)";
				SWIFT_EMIT_LOC_STRINGS = YES;
				SWIFT_VERSION = 5.0;
				TARGETED_DEVICE_FAMILY = "1,2";
			};
			name = Debug;
		};
		10BC7F0C2A27820300C9883F /* Release */ = {
			isa = XCBuildConfiguration;
			baseConfigurationReference = 5E6831310F7030076F3BC373 /* Pods-LihuisiSnapChat.release.xcconfig */;
			buildSettings = {
				ASSETCATALOG_COMPILER_APPICON_NAME = AppIcon;
				ASSETCATALOG_COMPILER_GLOBAL_ACCENT_COLOR_NAME = AccentColor;
				CODE_SIGN_STYLE = Automatic;
				CURRENT_PROJECT_VERSION = 1;
				GENERATE_INFOPLIST_FILE = YES;
				INFOPLIST_FILE = LihuisiSnapChat/Info.plist;
				INFOPLIST_KEY_UIApplicationSupportsIndirectInputEvents = YES;
				INFOPLIST_KEY_UILaunchStoryboardName = LaunchScreen;
				INFOPLIST_KEY_UIMainStoryboardFile = Main;
				INFOPLIST_KEY_UISupportedInterfaceOrientations_iPad = "UIInterfaceOrientationPortrait UIInterfaceOrientationPortraitUpsideDown UIInterfaceOrientationLandscapeLeft UIInterfaceOrientationLandscapeRight";
				INFOPLIST_KEY_UISupportedInterfaceOrientations_iPhone = "UIInterfaceOrientationPortrait UIInterfaceOrientationLandscapeLeft UIInterfaceOrientationLandscapeRight";
				LD_RUNPATH_SEARCH_PATHS = (
					"$(inherited)",
					"@executable_path/Frameworks",
				);
				MARKETING_VERSION = 1.0;
				PRODUCT_BUNDLE_IDENTIFIER = com.kiwivon.LihuisiSnapChat;
				PRODUCT_NAME = "$(TARGET_NAME)";
				SWIFT_EMIT_LOC_STRINGS = YES;
				SWIFT_VERSION = 5.0;
				TARGETED_DEVICE_FAMILY = "1,2";
			};
			name = Release;
		};
/* End XCBuildConfiguration section */

/* Begin XCConfigurationList section */
		10BC7EF12A27820100C9883F /* Build configuration list for PBXProject "LihuisiSnapChat" */ = {
			isa = XCConfigurationList;
			buildConfigurations = (
				10BC7F082A27820300C9883F /* Debug */,
				10BC7F092A27820300C9883F /* Release */,
			);
			defaultConfigurationIsVisible = 0;
			defaultConfigurationName = Release;
		};
		10BC7F0A2A27820300C9883F /* Build configuration list for PBXNativeTarget "LihuisiSnapChat" */ = {
			isa = XCConfigurationList;
			buildConfigurations = (
				10BC7F0B2A27820300C9883F /* Debug */,
				10BC7F0C2A27820300C9883F /* Release */,
			);
			defaultConfigurationIsVisible = 0;
			defaultConfigurationName = Release;
		};
/* End XCConfigurationList section */
	};
	rootObject = 10BC7EEE2A27820100C9883F /* Project object */;
}
